# WaveHelm resolved-artifact hash lock v1
# Target: Windows x64 / CPython 3.11
# Scope: resolved graph; NOT an installed-graph audit or vulnerability result.
# Human review: REQUIRED before integration.
--only-binary=:all:
cffi==2.1.1 --hash=sha256:42f6930c31dc7f50732c9ae793c2786c7b6b044195967bbdde40bb9be81c4cc0
comtypes==1.4.16 --hash=sha256:e18d85179ff12955524c5a8c3bc09cb3c0d890f1da4d7123d14244c7b78f84c8
contourpy==1.3.3 --hash=sha256:3519428f6be58431c56581f1694ba8e50626f2dd550af225f82fb5f5814d2a42
cycler==0.12.1 --hash=sha256:85cef7cff222d8644161529808465972e51340599459b8ac3ccbac5a854e0d30
fonttools==4.65.0 --hash=sha256:9f201796c8e24e657be77c16fa664e798a46122144217f90838982937a964f0a
kiwisolver==1.5.1 --hash=sha256:1a7587dc335f2c0f5bd577fd0540bd16c66006bdb60f759a1059f025e6c4f071
matplotlib==3.10.8 --hash=sha256:18821ace09c763ec93aef5eeff087ee493a24051936d7b9ebcad9662f66501f9
numpy==2.4.4 --hash=sha256:6bbe4eb67390b0a0265a2c25458f6b90a409d5d069f1041e6aff1e27e3d9a79e
opencv-python==4.13.0.92 --hash=sha256:423d934c9fafb91aad38edf26efb46da91ffbc05f3f59c4b0c72e699720706f5
packaging==26.3 --hash=sha256:d7193f7c8e4e93f444fde0262bf90af30e16fa0ad0ad44cb553c87339b23cd1c
pillow==12.3.0 --hash=sha256:8e95e1385e4998ae9694eeaa4730ba5457ff61185b3a55e2e7bea0880aef452a
pycparser==3.0 --hash=sha256:b727414169a36b7d524c1c3e31839a521725078d7b2ff038656844266160a992
pygame==2.6.1 --hash=sha256:91476902426facd4bb0dad4dc3b2573bc82c95c71b135e0daaea072ed528d299
pyparsing==3.3.2 --hash=sha256:850ba148bd908d7e2411587e247a1e4f0327839c40e2e5e6d05a007ecc69911d
python-dateutil==2.9.0.post0 --hash=sha256:a8b2bc7bffae282281c8140a97d3aa9c14da0b136dfe83f850eea9a5f7470427
pywin32==311 --hash=sha256:3ce80b34b22b17ccbd937a6e78e7225d80c52f5ab9940fe0506a1a16f3dab503
scipy==1.17.0 --hash=sha256:255c0da161bd7b32a6c898e7891509e8a9289f0b1c6c7d96142ee0d2b114c2ea
six==1.17.0 --hash=sha256:4721f391ed90541fddacab5acf947aa0d3dc7d27b2e1e8eda2be8970586c3274
soundfile==0.13.1 --hash=sha256:1e70a05a0626524a69e9f0f4dd2ec174b4e9567f4d8b6c11d38b5c289be36ee9
tinytag==2.2.1 --hash=sha256:ed8b1e6d25367937e3321e054f4974f9abfde1a3e0a538824c87da377130c2b6
wxpython==4.2.5 --hash=sha256:508de82ac2b64aa575a543949c44dc7f83a734622bed01d8501474ab454f7bb7
